// !$*UTF8*$!
{
	archiveVersion = 1;
	classes = {
	};
	objectVersion = 77;
	objects = {

/* Begin PBXBuildFile section */
		A00000000000000000000051 /* DspeechApp.swift in Sources */ = {isa = PBXBuildFile; fileRef = A00000000000000000000043 /* DspeechApp.swift */; };
		A00000000000000000000052 /* ContentView.swift in Sources */ = {isa = PBXBuildFile; fileRef = A00000000000000000000044 /* ContentView.swift */; };
		A00000000000000000000053 /* TranscriptDemoViewModel.swift in Sources */ = {isa = PBXBuildFile; fileRef = A00000000000000000000045 /* TranscriptDemoViewModel.swift */; };
		A00000000000000000000054 /* TranscriptSegment.swift in Sources */ = {isa = PBXBuildFile; fileRef = A00000000000000000000046 /* TranscriptSegment.swift */; };
		A00000000000000000000055 /* AudioCaptureService.swift in Sources */ = {isa = PBXBuildFile; fileRef = A00000000000000000000047 /* AudioCaptureService.swift */; };
		A00000000000000000000056 /* SpeechRecognitionService.swift in Sources */ = {isa = PBXBuildFile; fileRef = A00000000000000000000048 /* SpeechRecognitionService.swift */; };
		A00000000000000000000057 /* TranscriptSegmentTests.swift in Sources */ = {isa = PBXBuildFile; fileRef = A00000000000000000000049 /* TranscriptSegmentTests.swift */; };
		A00000000000000000000058 /* DspeechUITests.swift in Sources */ = {isa = PBXBuildFile; fileRef = A00000000000000000000050 /* DspeechUITests.swift */; };
		A00000000000000000000059 /* PrivacySettings.swift in Sources */ = {isa = PBXBuildFile; fileRef = A00000000000000000000061 /* PrivacySettings.swift */; };
		A00000000000000000000060 /* PrivacySettingsTests.swift in Sources */ = {isa = PBXBuildFile; fileRef = A00000000000000000000062 /* PrivacySettingsTests.swift */; };
		A00000000000000000000074 /* LiveTranscriptionEngine.swift in Sources */ = {isa = PBXBuildFile; fileRef = A00000000000000000000070 /* LiveTranscriptionEngine.swift */; };
		A00000000000000000000075 /* AppleSpeechLiveTranscriptionEngine.swift in Sources */ = {isa = PBXBuildFile; fileRef = A00000000000000000000071 /* AppleSpeechLiveTranscriptionEngine.swift */; };
		A00000000000000000000153 /* SerialBufferRouter.swift in Sources */ = {isa = PBXBuildFile; fileRef = A00000000000000000000152 /* SerialBufferRouter.swift */; };
		A00000000000000000000159 /* SpeechActivitySegmenter.swift in Sources */ = {isa = PBXBuildFile; fileRef = A00000000000000000000158 /* SpeechActivitySegmenter.swift */; };
		A00000000000000000000155 /* UtteranceWindowRouter.swift in Sources */ = {isa = PBXBuildFile; fileRef = A00000000000000000000154 /* UtteranceWindowRouter.swift */; };
		A00000000000000000000076 /* LiveTranscriptionViewModel.swift in Sources */ = {isa = PBXBuildFile; fileRef = A00000000000000000000072 /* LiveTranscriptionViewModel.swift */; };
		A00000000000000000000077 /* LiveTranscriptionViewModelTests.swift in Sources */ = {isa = PBXBuildFile; fileRef = A00000000000000000000073 /* LiveTranscriptionViewModelTests.swift */; };
		A00000000000000000000087 /* CallSign.swift in Sources */ = {isa = PBXBuildFile; fileRef = A00000000000000000000078 /* CallSign.swift */; };
		A00000000000000000000088 /* PilotVoiceProfile.swift in Sources */ = {isa = PBXBuildFile; fileRef = A00000000000000000000079 /* PilotVoiceProfile.swift */; };
		A00000000000000000000089 /* SpeakerMatcher.swift in Sources */ = {isa = PBXBuildFile; fileRef = A00000000000000000000080 /* SpeakerMatcher.swift */; };
		A00000000000000000000090 /* LocalSpeakerIdentifier.swift in Sources */ = {isa = PBXBuildFile; fileRef = A00000000000000000000081 /* LocalSpeakerIdentifier.swift */; };
		A00000000000000000000091 /* ATCTranscriptGate.swift in Sources */ = {isa = PBXBuildFile; fileRef = A00000000000000000000082 /* ATCTranscriptGate.swift */; };
		A00000000000000000000092 /* VoiceFilterStorage.swift in Sources */ = {isa = PBXBuildFile; fileRef = A00000000000000000000083 /* VoiceFilterStorage.swift */; };
		A00000000000000000000120 /* ModelPackState.swift in Sources */ = {isa = PBXBuildFile; fileRef = A00000000000000000000121 /* ModelPackState.swift */; };
		A00000000000000000000093 /* VoiceFilterPipeline.swift in Sources */ = {isa = PBXBuildFile; fileRef = A00000000000000000000084 /* VoiceFilterPipeline.swift */; };
		A00000000000000000000094 /* CallSignTests.swift in Sources */ = {isa = PBXBuildFile; fileRef = A00000000000000000000085 /* CallSignTests.swift */; };
		A00000000000000000000095 /* VoiceFilterTests.swift in Sources */ = {isa = PBXBuildFile; fileRef = A00000000000000000000086 /* VoiceFilterTests.swift */; };
		A00000000000000000000151 /* SerialBufferRouterTests.swift in Sources */ = {isa = PBXBuildFile; fileRef = A00000000000000000000150 /* SerialBufferRouterTests.swift */; };
		A00000000000000000000157 /* UtteranceWindowRouterTests.swift in Sources */ = {isa = PBXBuildFile; fileRef = A00000000000000000000156 /* UtteranceWindowRouterTests.swift */; };
		A00000000000000000000098 /* RouteHealthTypes.swift in Sources */ = {isa = PBXBuildFile; fileRef = A00000000000000000000097 /* RouteHealthTypes.swift */; };
		A00000000000000000000100 /* RouteHealthClassifier.swift in Sources */ = {isa = PBXBuildFile; fileRef = A00000000000000000000099 /* RouteHealthClassifier.swift */; };
		A00000000000000000000102 /* AudioSessionRouting.swift in Sources */ = {isa = PBXBuildFile; fileRef = A00000000000000000000101 /* AudioSessionRouting.swift */; };
		A00000000000000000000104 /* LiveAudioSessionRouting.swift in Sources */ = {isa = PBXBuildFile; fileRef = A00000000000000000000103 /* LiveAudioSessionRouting.swift */; };
		A00000000000000000000106 /* RouteHealthMonitor.swift in Sources */ = {isa = PBXBuildFile; fileRef = A00000000000000000000105 /* RouteHealthMonitor.swift */; };
		A00000000000000000000108 /* RouteHealthClassifierTests.swift in Sources */ = {isa = PBXBuildFile; fileRef = A00000000000000000000107 /* RouteHealthClassifierTests.swift */; };
		A00000000000000000000110 /* RouteHealthMonitorTests.swift in Sources */ = {isa = PBXBuildFile; fileRef = A00000000000000000000109 /* RouteHealthMonitorTests.swift */; };
		A00000000000000000000112 /* CaptureCoordinator.swift in Sources */ = {isa = PBXBuildFile; fileRef = A00000000000000000000111 /* CaptureCoordinator.swift */; };
		A00000000000000000000114 /* CaptureCoordinatorTests.swift in Sources */ = {isa = PBXBuildFile; fileRef = A00000000000000000000113 /* CaptureCoordinatorTests.swift */; };
		A00000000000000000000131 /* FluidAudioSpeakerIdentifier.swift in Sources */ = {isa = PBXBuildFile; fileRef = A00000000000000000000130 /* FluidAudioSpeakerIdentifier.swift */; };
		A00000000000000000000202 /* FluidAudio in Frameworks */ = {isa = PBXBuildFile; productRef = A00000000000000000000201 /* FluidAudio */; };
		A00000000000000000000141 /* CallsignDictationService.swift in Sources */ = {isa = PBXBuildFile; fileRef = A00000000000000000000140 /* CallsignDictationService.swift */; };
		A00000000000000000000143 /* PhoneticCallsignParser.swift in Sources */ = {isa = PBXBuildFile; fileRef = A00000000000000000000142 /* PhoneticCallsignParser.swift */; };
		A00000000000000000000145 /* PhoneticCallsignParserTests.swift in Sources */ = {isa = PBXBuildFile; fileRef = A00000000000000000000144 /* PhoneticCallsignParserTests.swift */; };
		A00000000000000000000147 /* SpeakerModelPackInstaller.swift in Sources */ = {isa = PBXBuildFile; fileRef = A00000000000000000000146 /* SpeakerModelPackInstaller.swift */; };
		A00000000000000000000149 /* VoiceEnrollmentRecorder.swift in Sources */ = {isa = PBXBuildFile; fileRef = A00000000000000000000148 /* VoiceEnrollmentRecorder.swift */; };
		A00000000000000000000203 /* PrivacyInfo.xcprivacy in Resources */ = {isa = PBXBuildFile; fileRef = A00000000000000000000204 /* PrivacyInfo.xcprivacy */; };
		A00000000000000000000205 /* ReplayKitNetworkDenyTests.swift in Sources */ = {isa = PBXBuildFile; fileRef = A00000000000000000000206 /* ReplayKitNetworkDenyTests.swift */; };
		A00000000000000000000207 /* SimulatorSpeechProbe.swift in Sources */ = {isa = PBXBuildFile; fileRef = A00000000000000000000208 /* SimulatorSpeechProbe.swift */; };
		A00000000000000000000301 /* AudioBufferDeepCopyTests.swift in Sources */ = {isa = PBXBuildFile; fileRef = A00000000000000000000302 /* AudioBufferDeepCopyTests.swift */; };
		A00000000000000000000303 /* RecognitionSettings.swift in Sources */ = {isa = PBXBuildFile; fileRef = A00000000000000000000304 /* RecognitionSettings.swift */; };
		A00000000000000000000305 /* RecognitionSettingsTests.swift in Sources */ = {isa = PBXBuildFile; fileRef = A00000000000000000000306 /* RecognitionSettingsTests.swift */; };
		A00000000000000000000307 /* SpeechActivitySegmenterTests.swift in Sources */ = {isa = PBXBuildFile; fileRef = A00000000000000000000308 /* SpeechActivitySegmenterTests.swift */; };
		A00000000000000000000309 /* ATCContextualVocabulary.swift in Sources */ = {isa = PBXBuildFile; fileRef = A00000000000000000000310 /* ATCContextualVocabulary.swift */; };
		A00000000000000000000311 /* ATCContextualVocabularyTests.swift in Sources */ = {isa = PBXBuildFile; fileRef = A00000000000000000000312 /* ATCContextualVocabularyTests.swift */; };
		A00000000000000000000401 /* OnboardingState.swift in Sources */ = {isa = PBXBuildFile; fileRef = A00000000000000000000400 /* OnboardingState.swift */; };
		A00000000000000000000403 /* OnboardingView.swift in Sources */ = {isa = PBXBuildFile; fileRef = A00000000000000000000402 /* OnboardingView.swift */; };
		A00000000000000000000405 /* OnboardingStateTests.swift in Sources */ = {isa = PBXBuildFile; fileRef = A00000000000000000000404 /* OnboardingStateTests.swift */; };
/* End PBXBuildFile section */

/* Begin PBXContainerItemProxy section */
		A00000000000000000000027 /* PBXContainerItemProxy */ = {isa = PBXContainerItemProxy; containerPortal = A00000000000000000000001 /* Project object */; proxyType = 1; remoteGlobalIDString = A00000000000000000000012; remoteInfo = Dspeech; };
		A00000000000000000000029 /* PBXContainerItemProxy */ = {isa = PBXContainerItemProxy; containerPortal = A00000000000000000000001 /* Project object */; proxyType = 1; remoteGlobalIDString = A00000000000000000000012; remoteInfo = Dspeech; };
/* End PBXContainerItemProxy section */

/* Begin PBXFileReference section */
		A00000000000000000000015 /* Dspeech.app */ = {isa = PBXFileReference; explicitFileType = wrapper.application; includeInIndex = 0; path = Dspeech.app; sourceTree = BUILT_PRODUCTS_DIR; };
		A00000000000000000000016 /* DspeechTests.xctest */ = {isa = PBXFileReference; explicitFileType = wrapper.cfbundle; includeInIndex = 0; path = DspeechTests.xctest; sourceTree = BUILT_PRODUCTS_DIR; };
		A00000000000000000000017 /* DspeechUITests.xctest */ = {isa = PBXFileReference; explicitFileType = wrapper.cfbundle; includeInIndex = 0; path = DspeechUITests.xctest; sourceTree = BUILT_PRODUCTS_DIR; };
		A00000000000000000000043 /* DspeechApp.swift */ = {isa = PBXFileReference; lastKnownFileType = sourcecode.swift; path = DspeechApp.swift; sourceTree = "<group>"; };
		A00000000000000000000044 /* ContentView.swift */ = {isa = PBXFileReference; lastKnownFileType = sourcecode.swift; path = ContentView.swift; sourceTree = "<group>"; };
		A00000000000000000000045 /* TranscriptDemoViewModel.swift */ = {isa = PBXFileReference; lastKnownFileType = sourcecode.swift; path = TranscriptDemoViewModel.swift; sourceTree = "<group>"; };
		A00000000000000000000046 /* TranscriptSegment.swift */ = {isa = PBXFileReference; lastKnownFileType = sourcecode.swift; path = TranscriptSegment.swift; sourceTree = "<group>"; };
		A00000000000000000000047 /* AudioCaptureService.swift */ = {isa = PBXFileReference; lastKnownFileType = sourcecode.swift; path = AudioCaptureService.swift; sourceTree = "<group>"; };
		A00000000000000000000048 /* SpeechRecognitionService.swift */ = {isa = PBXFileReference; lastKnownFileType = sourcecode.swift; path = SpeechRecognitionService.swift; sourceTree = "<group>"; };
		A00000000000000000000049 /* TranscriptSegmentTests.swift */ = {isa = PBXFileReference; lastKnownFileType = sourcecode.swift; path = TranscriptSegmentTests.swift; sourceTree = "<group>"; };
		A00000000000000000000050 /* DspeechUITests.swift */ = {isa = PBXFileReference; lastKnownFileType = sourcecode.swift; path = DspeechUITests.swift; sourceTree = "<group>"; };
		A00000000000000000000061 /* PrivacySettings.swift */ = {isa = PBXFileReference; lastKnownFileType = sourcecode.swift; path = PrivacySettings.swift; sourceTree = "<group>"; };
		A00000000000000000000062 /* PrivacySettingsTests.swift */ = {isa = PBXFileReference; lastKnownFileType = sourcecode.swift; path = PrivacySettingsTests.swift; sourceTree = "<group>"; };
		A00000000000000000000070 /* LiveTranscriptionEngine.swift */ = {isa = PBXFileReference; lastKnownFileType = sourcecode.swift; path = LiveTranscriptionEngine.swift; sourceTree = "<group>"; };
		A00000000000000000000071 /* AppleSpeechLiveTranscriptionEngine.swift */ = {isa = PBXFileReference; lastKnownFileType = sourcecode.swift; path = AppleSpeechLiveTranscriptionEngine.swift; sourceTree = "<group>"; };
		A00000000000000000000152 /* SerialBufferRouter.swift */ = {isa = PBXFileReference; lastKnownFileType = sourcecode.swift; path = SerialBufferRouter.swift; sourceTree = "<group>"; };
		A00000000000000000000158 /* SpeechActivitySegmenter.swift */ = {isa = PBXFileReference; lastKnownFileType = sourcecode.swift; path = SpeechActivitySegmenter.swift; sourceTree = "<group>"; };
		A00000000000000000000154 /* UtteranceWindowRouter.swift */ = {isa = PBXFileReference; lastKnownFileType = sourcecode.swift; path = UtteranceWindowRouter.swift; sourceTree = "<group>"; };
		A00000000000000000000072 /* LiveTranscriptionViewModel.swift */ = {isa = PBXFileReference; lastKnownFileType = sourcecode.swift; path = LiveTranscriptionViewModel.swift; sourceTree = "<group>"; };
		A00000000000000000000073 /* LiveTranscriptionViewModelTests.swift */ = {isa = PBXFileReference; lastKnownFileType = sourcecode.swift; path = LiveTranscriptionViewModelTests.swift; sourceTree = "<group>"; };
		A00000000000000000000078 /* CallSign.swift */ = {isa = PBXFileReference; lastKnownFileType = sourcecode.swift; path = CallSign.swift; sourceTree = "<group>"; };
		A00000000000000000000079 /* PilotVoiceProfile.swift */ = {isa = PBXFileReference; lastKnownFileType = sourcecode.swift; path = PilotVoiceProfile.swift; sourceTree = "<group>"; };
		A00000000000000000000080 /* SpeakerMatcher.swift */ = {isa = PBXFileReference; lastKnownFileType = sourcecode.swift; path = SpeakerMatcher.swift; sourceTree = "<group>"; };
		A00000000000000000000081 /* LocalSpeakerIdentifier.swift */ = {isa = PBXFileReference; lastKnownFileType = sourcecode.swift; path = LocalSpeakerIdentifier.swift; sourceTree = "<group>"; };
		A00000000000000000000082 /* ATCTranscriptGate.swift */ = {isa = PBXFileReference; lastKnownFileType = sourcecode.swift; path = ATCTranscriptGate.swift; sourceTree = "<group>"; };
		A00000000000000000000083 /* VoiceFilterStorage.swift */ = {isa = PBXFileReference; lastKnownFileType = sourcecode.swift; path = VoiceFilterStorage.swift; sourceTree = "<group>"; };
		A00000000000000000000121 /* ModelPackState.swift */ = {isa = PBXFileReference; lastKnownFileType = sourcecode.swift; path = ModelPackState.swift; sourceTree = "<group>"; };
		A00000000000000000000084 /* VoiceFilterPipeline.swift */ = {isa = PBXFileReference; lastKnownFileType = sourcecode.swift; path = VoiceFilterPipeline.swift; sourceTree = "<group>"; };
		A00000000000000000000085 /* CallSignTests.swift */ = {isa = PBXFileReference; lastKnownFileType = sourcecode.swift; path = CallSignTests.swift; sourceTree = "<group>"; };
		A00000000000000000000086 /* VoiceFilterTests.swift */ = {isa = PBXFileReference; lastKnownFileType = sourcecode.swift; path = VoiceFilterTests.swift; sourceTree = "<group>"; };
		A00000000000000000000150 /* SerialBufferRouterTests.swift */ = {isa = PBXFileReference; lastKnownFileType = sourcecode.swift; path = SerialBufferRouterTests.swift; sourceTree = "<group>"; };
		A00000000000000000000156 /* UtteranceWindowRouterTests.swift */ = {isa = PBXFileReference; lastKnownFileType = sourcecode.swift; path = UtteranceWindowRouterTests.swift; sourceTree = "<group>"; };
		A00000000000000000000097 /* RouteHealthTypes.swift */ = {isa = PBXFileReference; lastKnownFileType = sourcecode.swift; path = RouteHealthTypes.swift; sourceTree = "<group>"; };
		A00000000000000000000099 /* RouteHealthClassifier.swift */ = {isa = PBXFileReference; lastKnownFileType = sourcecode.swift; path = RouteHealthClassifier.swift; sourceTree = "<group>"; };
		A00000000000000000000101 /* AudioSessionRouting.swift */ = {isa = PBXFileReference; lastKnownFileType = sourcecode.swift; path = AudioSessionRouting.swift; sourceTree = "<group>"; };
		A00000000000000000000103 /* LiveAudioSessionRouting.swift */ = {isa = PBXFileReference; lastKnownFileType = sourcecode.swift; path = LiveAudioSessionRouting.swift; sourceTree = "<group>"; };
		A00000000000000000000105 /* RouteHealthMonitor.swift */ = {isa = PBXFileReference; lastKnownFileType = sourcecode.swift; path = RouteHealthMonitor.swift; sourceTree = "<group>"; };
		A00000000000000000000107 /* RouteHealthClassifierTests.swift */ = {isa = PBXFileReference; lastKnownFileType = sourcecode.swift; path = RouteHealthClassifierTests.swift; sourceTree = "<group>"; };
		A00000000000000000000109 /* RouteHealthMonitorTests.swift */ = {isa = PBXFileReference; lastKnownFileType = sourcecode.swift; path = RouteHealthMonitorTests.swift; sourceTree = "<group>"; };
		A00000000000000000000111 /* CaptureCoordinator.swift */ = {isa = PBXFileReference; lastKnownFileType = sourcecode.swift; path = CaptureCoordinator.swift; sourceTree = "<group>"; };
		A00000000000000000000113 /* CaptureCoordinatorTests.swift */ = {isa = PBXFileReference; lastKnownFileType = sourcecode.swift; path = CaptureCoordinatorTests.swift; sourceTree = "<group>"; };
		A00000000000000000000130 /* FluidAudioSpeakerIdentifier.swift */ = {isa = PBXFileReference; lastKnownFileType = sourcecode.swift; path = FluidAudioSpeakerIdentifier.swift; sourceTree = "<group>"; };
		A00000000000000000000140 /* CallsignDictationService.swift */ = {isa = PBXFileReference; lastKnownFileType = sourcecode.swift; path = CallsignDictationService.swift; sourceTree = "<group>"; };
		A00000000000000000000142 /* PhoneticCallsignParser.swift */ = {isa = PBXFileReference; lastKnownFileType = sourcecode.swift; path = PhoneticCallsignParser.swift; sourceTree = "<group>"; };
		A00000000000000000000144 /* PhoneticCallsignParserTests.swift */ = {isa = PBXFileReference; lastKnownFileType = sourcecode.swift; path = PhoneticCallsignParserTests.swift; sourceTree = "<group>"; };
		A00000000000000000000146 /* SpeakerModelPackInstaller.swift */ = {isa = PBXFileReference; lastKnownFileType = sourcecode.swift; path = SpeakerModelPackInstaller.swift; sourceTree = "<group>"; };
		A00000000000000000000148 /* VoiceEnrollmentRecorder.swift */ = {isa = PBXFileReference; lastKnownFileType = sourcecode.swift; path = VoiceEnrollmentRecorder.swift; sourceTree = "<group>"; };
		A00000000000000000000204 /* PrivacyInfo.xcprivacy */ = {isa = PBXFileReference; lastKnownFileType = text.xml; path = PrivacyInfo.xcprivacy; sourceTree = "<group>"; };
		A00000000000000000000206 /* ReplayKitNetworkDenyTests.swift */ = {isa = PBXFileReference; lastKnownFileType = sourcecode.swift; path = ReplayKitNetworkDenyTests.swift; sourceTree = "<group>"; };
		A00000000000000000000208 /* SimulatorSpeechProbe.swift */ = {isa = PBXFileReference; lastKnownFileType = sourcecode.swift; path = SimulatorSpeechProbe.swift; sourceTree = "<group>"; };
		A00000000000000000000302 /* AudioBufferDeepCopyTests.swift */ = {isa = PBXFileReference; lastKnownFileType = sourcecode.swift; path = AudioBufferDeepCopyTests.swift; sourceTree = "<group>"; };
		A00000000000000000000304 /* RecognitionSettings.swift */ = {isa = PBXFileReference; lastKnownFileType = sourcecode.swift; path = RecognitionSettings.swift; sourceTree = "<group>"; };
		A00000000000000000000306 /* RecognitionSettingsTests.swift */ = {isa = PBXFileReference; lastKnownFileType = sourcecode.swift; path = RecognitionSettingsTests.swift; sourceTree = "<group>"; };
		A00000000000000000000308 /* SpeechActivitySegmenterTests.swift */ = {isa = PBXFileReference; lastKnownFileType = sourcecode.swift; path = SpeechActivitySegmenterTests.swift; sourceTree = "<group>"; };
		A00000000000000000000310 /* ATCContextualVocabulary.swift */ = {isa = PBXFileReference; lastKnownFileType = sourcecode.swift; path = ATCContextualVocabulary.swift; sourceTree = "<group>"; };
		A00000000000000000000312 /* ATCContextualVocabularyTests.swift */ = {isa = PBXFileReference; lastKnownFileType = sourcecode.swift; path = ATCContextualVocabularyTests.swift; sourceTree = "<group>"; };
		A00000000000000000000400 /* OnboardingState.swift */ = {isa = PBXFileReference; lastKnownFileType = sourcecode.swift; path = OnboardingState.swift; sourceTree = "<group>"; };
		A00000000000000000000402 /* OnboardingView.swift */ = {isa = PBXFileReference; lastKnownFileType = sourcecode.swift; path = OnboardingView.swift; sourceTree = "<group>"; };
		A00000000000000000000404 /* OnboardingStateTests.swift */ = {isa = PBXFileReference; lastKnownFileType = sourcecode.swift; path = OnboardingStateTests.swift; sourceTree = "<group>"; };
/* End PBXFileReference section */

/* Begin PBXFrameworksBuildPhase section */
		A00000000000000000000019 /* Frameworks */ = {isa = PBXFrameworksBuildPhase; buildActionMask = 2147483647; files = ( A00000000000000000000202 /* FluidAudio in Frameworks */, ); runOnlyForDeploymentPostprocessing = 0; };
		A00000000000000000000022 /* Frameworks */ = {isa = PBXFrameworksBuildPhase; buildActionMask = 2147483647; files = ( ); runOnlyForDeploymentPostprocessing = 0; };
		A00000000000000000000025 /* Frameworks */ = {isa = PBXFrameworksBuildPhase; buildActionMask = 2147483647; files = ( ); runOnlyForDeploymentPostprocessing = 0; };
/* End PBXFrameworksBuildPhase section */

/* Begin PBXGroup section */
		A00000000000000000000002 = {isa = PBXGroup; children = ( A00000000000000000000004 /* Dspeech */, A00000000000000000000010 /* DspeechTests */, A00000000000000000000011 /* DspeechUITests */, A00000000000000000000003 /* Products */, ); sourceTree = "<group>"; };
		A00000000000000000000003 /* Products */ = {isa = PBXGroup; children = ( A00000000000000000000015 /* Dspeech.app */, A00000000000000000000016 /* DspeechTests.xctest */, A00000000000000000000017 /* DspeechUITests.xctest */, ); name = Products; sourceTree = "<group>"; };
		A00000000000000000000004 /* Dspeech */ = {isa = PBXGroup; children = ( A00000000000000000000005 /* App */, A00000000000000000000006 /* Core */, A00000000000000000000204 /* PrivacyInfo.xcprivacy */, ); path = Dspeech; sourceTree = "<group>"; };
		A00000000000000000000005 /* App */ = {isa = PBXGroup; children = ( A00000000000000000000043 /* DspeechApp.swift */, A00000000000000000000044 /* ContentView.swift */, A00000000000000000000045 /* TranscriptDemoViewModel.swift */, A00000000000000000000072 /* LiveTranscriptionViewModel.swift */, A00000000000000000000105 /* RouteHealthMonitor.swift */, A00000000000000000000111 /* CaptureCoordinator.swift */, A00000000000000000000208 /* SimulatorSpeechProbe.swift */, A00000000000000000000402 /* OnboardingView.swift */, ); path = App; sourceTree = "<group>"; };
		A00000000000000000000006 /* Core */ = {isa = PBXGroup; children = ( A00000000000000000000007 /* Models */, A00000000000000000000008 /* Audio */, A00000000000000000000009 /* ASR */, A00000000000000000000063 /* Settings */, A00000000000000000000096 /* VoiceFilter */, ); path = Core; sourceTree = "<group>"; };
		A00000000000000000000096 /* VoiceFilter */ = {isa = PBXGroup; children = ( A00000000000000000000078 /* CallSign.swift */, A00000000000000000000079 /* PilotVoiceProfile.swift */, A00000000000000000000080 /* SpeakerMatcher.swift */, A00000000000000000000081 /* LocalSpeakerIdentifier.swift */, A00000000000000000000082 /* ATCTranscriptGate.swift */, A00000000000000000000083 /* VoiceFilterStorage.swift */, A00000000000000000000121 /* ModelPackState.swift */, A00000000000000000000084 /* VoiceFilterPipeline.swift */, A00000000000000000000130 /* FluidAudioSpeakerIdentifier.swift */, A00000000000000000000142 /* PhoneticCallsignParser.swift */, A00000000000000000000146 /* SpeakerModelPackInstaller.swift */, ); path = VoiceFilter; sourceTree = "<group>"; };
		A00000000000000000000063 /* Settings */ = {isa = PBXGroup; children = ( A00000000000000000000061 /* PrivacySettings.swift */, A00000000000000000000304 /* RecognitionSettings.swift */, A00000000000000000000400 /* OnboardingState.swift */, ); path = Settings; sourceTree = "<group>"; };
		A00000000000000000000007 /* Models */ = {isa = PBXGroup; children = ( A00000000000000000000046 /* TranscriptSegment.swift */, ); path = Models; sourceTree = "<group>"; };
		A00000000000000000000008 /* Audio */ = {isa = PBXGroup; children = ( A00000000000000000000047 /* AudioCaptureService.swift */, A00000000000000000000097 /* RouteHealthTypes.swift */, A00000000000000000000099 /* RouteHealthClassifier.swift */, A00000000000000000000101 /* AudioSessionRouting.swift */, A00000000000000000000103 /* LiveAudioSessionRouting.swift */, ); path = Audio; sourceTree = "<group>"; };
		A00000000000000000000009 /* ASR */ = {isa = PBXGroup; children = ( A00000000000000000000048 /* SpeechRecognitionService.swift */, A00000000000000000000070 /* LiveTranscriptionEngine.swift */, A00000000000000000000071 /* AppleSpeechLiveTranscriptionEngine.swift */, A00000000000000000000152 /* SerialBufferRouter.swift */, A00000000000000000000154 /* UtteranceWindowRouter.swift */, A00000000000000000000158 /* SpeechActivitySegmenter.swift */, A00000000000000000000140 /* CallsignDictationService.swift */, A00000000000000000000148 /* VoiceEnrollmentRecorder.swift */, A00000000000000000000310 /* ATCContextualVocabulary.swift */, ); path = ASR; sourceTree = "<group>"; };
		A00000000000000000000010 /* DspeechTests */ = {isa = PBXGroup; children = ( A00000000000000000000049 /* TranscriptSegmentTests.swift */, A00000000000000000000062 /* PrivacySettingsTests.swift */, A00000000000000000000073 /* LiveTranscriptionViewModelTests.swift */, A00000000000000000000085 /* CallSignTests.swift */, A00000000000000000000086 /* VoiceFilterTests.swift */, A00000000000000000000107 /* RouteHealthClassifierTests.swift */, A00000000000000000000109 /* RouteHealthMonitorTests.swift */, A00000000000000000000113 /* CaptureCoordinatorTests.swift */, A00000000000000000000144 /* PhoneticCallsignParserTests.swift */, A00000000000000000000150 /* SerialBufferRouterTests.swift */, A00000000000000000000156 /* UtteranceWindowRouterTests.swift */, A00000000000000000000206 /* ReplayKitNetworkDenyTests.swift */, A00000000000000000000302 /* AudioBufferDeepCopyTests.swift */, A00000000000000000000306 /* RecognitionSettingsTests.swift */, A00000000000000000000308 /* SpeechActivitySegmenterTests.swift */, A00000000000000000000312 /* ATCContextualVocabularyTests.swift */, A00000000000000000000404 /* OnboardingStateTests.swift */, ); path = DspeechTests; sourceTree = "<group>"; };
		A00000000000000000000011 /* DspeechUITests */ = {isa = PBXGroup; children = ( A00000000000000000000050 /* DspeechUITests.swift */, ); path = DspeechUITests; sourceTree = "<group>"; };
/* End PBXGroup section */

/* Begin PBXNativeTarget section */
		A00000000000000000000012 /* Dspeech */ = {isa = PBXNativeTarget; buildConfigurationList = A00000000000000000000032 /* Build configuration list for PBXNativeTarget "Dspeech" */; buildPhases = ( A00000000000000000000018 /* Sources */, A00000000000000000000019 /* Frameworks */, A00000000000000000000020 /* Resources */, ); buildRules = ( ); dependencies = ( ); name = Dspeech; packageProductDependencies = ( A00000000000000000000201 /* FluidAudio */, ); productName = Dspeech; productReference = A00000000000000000000015 /* Dspeech.app */; productType = "com.apple.product-type.application"; };
		A00000000000000000000013 /* DspeechTests */ = {isa = PBXNativeTarget; buildConfigurationList = A00000000000000000000033 /* Build configuration list for PBXNativeTarget "DspeechTests" */; buildPhases = ( A00000000000000000000021 /* Sources */, A00000000000000000000022 /* Frameworks */, A00000000000000000000023 /* Resources */, ); buildRules = ( ); dependencies = ( A00000000000000000000028 /* PBXTargetDependency */, ); name = DspeechTests; productName = DspeechTests; productReference = A00000000000000000000016 /* DspeechTests.xctest */; productType = "com.apple.product-type.bundle.unit-test"; };
		A00000000000000000000014 /* DspeechUITests */ = {isa = PBXNativeTarget; buildConfigurationList = A00000000000000000000034 /* Build configuration list for PBXNativeTarget "DspeechUITests" */; buildPhases = ( A00000000000000000000024 /* Sources */, A00000000000000000000025 /* Frameworks */, A00000000000000000000026 /* Resources */, ); buildRules = ( ); dependencies = ( A00000000000000000000030 /* PBXTargetDependency */, ); name = DspeechUITests; productName = DspeechUITests; productReference = A00000000000000000000017 /* DspeechUITests.xctest */; productType = "com.apple.product-type.bundle.ui-testing"; };
/* End PBXNativeTarget section */

/* Begin PBXProject section */
		A00000000000000000000001 /* Project object */ = {isa = PBXProject; attributes = {BuildIndependentTargetsInParallel = 1; LastSwiftUpdateCheck = 2640; LastUpgradeCheck = 2640; TargetAttributes = { A00000000000000000000012 = {CreatedOnToolsVersion = 26.4; }; A00000000000000000000013 = {CreatedOnToolsVersion = 26.4; TestTargetID = A00000000000000000000012; }; A00000000000000000000014 = {CreatedOnToolsVersion = 26.4; TestTargetID = A00000000000000000000012; }; }; }; buildConfigurationList = A00000000000000000000031 /* Build configuration list for PBXProject "Dspeech" */; compatibilityVersion = "Xcode 16.0"; developmentRegion = en; hasScannedForEncodings = 0; knownRegions = ( en, Base, ); mainGroup = A00000000000000000000002; minimizedProjectReferenceProxies = 1; packageReferences = ( A00000000000000000000200 /* XCRemoteSwiftPackageReference "FluidAudio" */, ); preferredProjectObjectVersion = 77; productRefGroup = A00000000000000000000003 /* Products */; projectDirPath = ""; projectRoot = ""; targets = ( A00000000000000000000012 /* Dspeech */, A00000000000000000000013 /* DspeechTests */, A00000000000000000000014 /* DspeechUITests */, ); };
/* End PBXProject section */

/* Begin PBXResourcesBuildPhase section */
		A00000000000000000000020 /* Resources */ = {isa = PBXResourcesBuildPhase; buildActionMask = 2147483647; files = ( A00000000000000000000203 /* PrivacyInfo.xcprivacy in Resources */, ); runOnlyForDeploymentPostprocessing = 0; };
		A00000000000000000000023 /* Resources */ = {isa = PBXResourcesBuildPhase; buildActionMask = 2147483647; files = ( ); runOnlyForDeploymentPostprocessing = 0; };
		A00000000000000000000026 /* Resources */ = {isa = PBXResourcesBuildPhase; buildActionMask = 2147483647; files = ( ); runOnlyForDeploymentPostprocessing = 0; };
/* End PBXResourcesBuildPhase section */

/* Begin PBXSourcesBuildPhase section */
		A00000000000000000000018 /* Sources */ = {isa = PBXSourcesBuildPhase; buildActionMask = 2147483647; files = ( A00000000000000000000051 /* DspeechApp.swift in Sources */, A00000000000000000000052 /* ContentView.swift in Sources */, A00000000000000000000053 /* TranscriptDemoViewModel.swift in Sources */, A00000000000000000000054 /* TranscriptSegment.swift in Sources */, A00000000000000000000055 /* AudioCaptureService.swift in Sources */, A00000000000000000000056 /* SpeechRecognitionService.swift in Sources */, A00000000000000000000059 /* PrivacySettings.swift in Sources */, A00000000000000000000074 /* LiveTranscriptionEngine.swift in Sources */, A00000000000000000000075 /* AppleSpeechLiveTranscriptionEngine.swift in Sources */, A00000000000000000000153 /* SerialBufferRouter.swift in Sources */, A00000000000000000000155 /* UtteranceWindowRouter.swift in Sources */, A00000000000000000000159 /* SpeechActivitySegmenter.swift in Sources */, A00000000000000000000076 /* LiveTranscriptionViewModel.swift in Sources */, A00000000000000000000087 /* CallSign.swift in Sources */, A00000000000000000000088 /* PilotVoiceProfile.swift in Sources */, A00000000000000000000089 /* SpeakerMatcher.swift in Sources */, A00000000000000000000090 /* LocalSpeakerIdentifier.swift in Sources */, A00000000000000000000091 /* ATCTranscriptGate.swift in Sources */, A00000000000000000000092 /* VoiceFilterStorage.swift in Sources */, A00000000000000000000120 /* ModelPackState.swift in Sources */, A00000000000000000000093 /* VoiceFilterPipeline.swift in Sources */, A00000000000000000000131 /* FluidAudioSpeakerIdentifier.swift in Sources */, A00000000000000000000147 /* SpeakerModelPackInstaller.swift in Sources */, A00000000000000000000149 /* VoiceEnrollmentRecorder.swift in Sources */, A00000000000000000000141 /* CallsignDictationService.swift in Sources */, A00000000000000000000143 /* PhoneticCallsignParser.swift in Sources */, A00000000000000000000098 /* RouteHealthTypes.swift in Sources */, A00000000000000000000100 /* RouteHealthClassifier.swift in Sources */, A00000000000000000000102 /* AudioSessionRouting.swift in Sources */, A00000000000000000000104 /* LiveAudioSessionRouting.swift in Sources */, A00000000000000000000106 /* RouteHealthMonitor.swift in Sources */, A00000000000000000000112 /* CaptureCoordinator.swift in Sources */, A00000000000000000000207 /* SimulatorSpeechProbe.swift in Sources */, A00000000000000000000303 /* RecognitionSettings.swift in Sources */, A00000000000000000000309 /* ATCContextualVocabulary.swift in Sources */, A00000000000000000000401 /* OnboardingState.swift in Sources */, A00000000000000000000403 /* OnboardingView.swift in Sources */, ); runOnlyForDeploymentPostprocessing = 0; };
		A00000000000000000000021 /* Sources */ = {isa = PBXSourcesBuildPhase; buildActionMask = 2147483647; files = ( A00000000000000000000057 /* TranscriptSegmentTests.swift in Sources */, A00000000000000000000060 /* PrivacySettingsTests.swift in Sources */, A00000000000000000000077 /* LiveTranscriptionViewModelTests.swift in Sources */, A00000000000000000000094 /* CallSignTests.swift in Sources */, A00000000000000000000095 /* VoiceFilterTests.swift in Sources */, A00000000000000000000108 /* RouteHealthClassifierTests.swift in Sources */, A00000000000000000000110 /* RouteHealthMonitorTests.swift in Sources */, A00000000000000000000114 /* CaptureCoordinatorTests.swift in Sources */, A00000000000000000000145 /* PhoneticCallsignParserTests.swift in Sources */, A00000000000000000000151 /* SerialBufferRouterTests.swift in Sources */, A00000000000000000000157 /* UtteranceWindowRouterTests.swift in Sources */, A00000000000000000000205 /* ReplayKitNetworkDenyTests.swift in Sources */, A00000000000000000000301 /* AudioBufferDeepCopyTests.swift in Sources */, A00000000000000000000305 /* RecognitionSettingsTests.swift in Sources */, A00000000000000000000307 /* SpeechActivitySegmenterTests.swift in Sources */, A00000000000000000000311 /* ATCContextualVocabularyTests.swift in Sources */, A00000000000000000000405 /* OnboardingStateTests.swift in Sources */, ); runOnlyForDeploymentPostprocessing = 0; };
		A00000000000000000000024 /* Sources */ = {isa = PBXSourcesBuildPhase; buildActionMask = 2147483647; files = ( A00000000000000000000058 /* DspeechUITests.swift in Sources */, ); runOnlyForDeploymentPostprocessing = 0; };
/* End PBXSourcesBuildPhase section */

/* Begin PBXTargetDependency section */
		A00000000000000000000028 /* PBXTargetDependency */ = {isa = PBXTargetDependency; target = A00000000000000000000012 /* Dspeech */; targetProxy = A00000000000000000000027 /* PBXContainerItemProxy */; };
		A00000000000000000000030 /* PBXTargetDependency */ = {isa = PBXTargetDependency; target = A00000000000000000000012 /* Dspeech */; targetProxy = A00000000000000000000029 /* PBXContainerItemProxy */; };
/* End PBXTargetDependency section */

/* Begin XCBuildConfiguration section */
		A00000000000000000000035 /* Debug */ = {isa = XCBuildConfiguration; buildSettings = { ALWAYS_SEARCH_USER_PATHS = NO; CLANG_CXX_LANGUAGE_STANDARD = "gnu++20"; CLANG_ENABLE_MODULES = YES; CLANG_ENABLE_OBJC_ARC = YES; CLANG_WARN_BOOL_CONVERSION = YES; CLANG_WARN_CONSTANT_CONVERSION = YES; CLANG_WARN_DEPRECATED_OBJC_IMPLEMENTATIONS = YES; CLANG_WARN_DIRECT_OBJC_ISA_USAGE = YES_ERROR; CLANG_WARN_DOCUMENTATION_COMMENTS = YES; CLANG_WARN_EMPTY_BODY = YES; CLANG_WARN_ENUM_CONVERSION = YES; CLANG_WARN_INFINITE_RECURSION = YES; CLANG_WARN_INT_CONVERSION = YES; CLANG_WARN_OBJC_ROOT_CLASS = YES_ERROR; CLANG_WARN_UNREACHABLE_CODE = YES; COPY_PHASE_STRIP = NO; DEBUG_INFORMATION_FORMAT = dwarf; ENABLE_TESTABILITY = YES; ENABLE_USER_SCRIPT_SANDBOXING = YES; GCC_C_LANGUAGE_STANDARD = gnu17; GCC_DYNAMIC_NO_PIC = NO; GCC_NO_COMMON_BLOCKS = YES; GCC_OPTIMIZATION_LEVEL = 0; GCC_PREPROCESSOR_DEFINITIONS = ( "DEBUG=1", "$(inherited)", ); GCC_WARN_64_TO_32_BIT_CONVERSION = YES; GCC_WARN_ABOUT_RETURN_TYPE = YES_ERROR; GCC_WARN_UNINITIALIZED_AUTOS = YES_AGGRESSIVE; IPHONEOS_DEPLOYMENT_TARGET = 26.0; LOCALIZATION_PREFERS_STRING_CATALOGS = YES; MTL_ENABLE_DEBUG_INFO = INCLUDE_SOURCE; MTL_FAST_MATH = YES; ONLY_ACTIVE_ARCH = YES; SDKROOT = iphoneos; SWIFT_ACTIVE_COMPILATION_CONDITIONS = "DEBUG $(inherited)"; SWIFT_OPTIMIZATION_LEVEL = "-Onone"; SWIFT_STRICT_CONCURRENCY = complete; SWIFT_VERSION = 6.0; }; name = Debug; };
		A00000000000000000000036 /* Release */ = {isa = XCBuildConfiguration; buildSettings = { ALWAYS_SEARCH_USER_PATHS = NO; CLANG_CXX_LANGUAGE_STANDARD = "gnu++20"; CLANG_ENABLE_MODULES = YES; CLANG_ENABLE_OBJC_ARC = YES; CLANG_WARN_BOOL_CONVERSION = YES; CLANG_WARN_CONSTANT_CONVERSION = YES; CLANG_WARN_DEPRECATED_OBJC_IMPLEMENTATIONS = YES; CLANG_WARN_DIRECT_OBJC_ISA_USAGE = YES_ERROR; CLANG_WARN_DOCUMENTATION_COMMENTS = YES; CLANG_WARN_EMPTY_BODY = YES; CLANG_WARN_ENUM_CONVERSION = YES; CLANG_WARN_INFINITE_RECURSION = YES; CLANG_WARN_INT_CONVERSION = YES; CLANG_WARN_OBJC_ROOT_CLASS = YES_ERROR; CLANG_WARN_UNREACHABLE_CODE = YES; COPY_PHASE_STRIP = NO; DEBUG_INFORMATION_FORMAT = "dwarf-with-dsym"; ENABLE_NS_ASSERTIONS = NO; ENABLE_USER_SCRIPT_SANDBOXING = YES; GCC_C_LANGUAGE_STANDARD = gnu17; GCC_NO_COMMON_BLOCKS = YES; GCC_WARN_64_TO_32_BIT_CONVERSION = YES; GCC_WARN_ABOUT_RETURN_TYPE = YES_ERROR; GCC_WARN_UNINITIALIZED_AUTOS = YES_AGGRESSIVE; IPHONEOS_DEPLOYMENT_TARGET = 26.0; LOCALIZATION_PREFERS_STRING_CATALOGS = YES; MTL_ENABLE_DEBUG_INFO = NO; MTL_FAST_MATH = YES; SDKROOT = iphoneos; SWIFT_COMPILATION_MODE = wholemodule; SWIFT_STRICT_CONCURRENCY = complete; SWIFT_VERSION = 6.0; VALIDATE_PRODUCT = YES; }; name = Release; };
		A00000000000000000000037 /* Debug */ = {isa = XCBuildConfiguration; buildSettings = { CODE_SIGN_STYLE = Automatic; CURRENT_PROJECT_VERSION = 1; ENABLE_PREVIEWS = YES; GENERATE_INFOPLIST_FILE = YES; INFOPLIST_KEY_CFBundleDisplayName = Dspeech; INFOPLIST_KEY_ITSAppUsesNonExemptEncryption = NO; INFOPLIST_KEY_LSApplicationCategoryType = "public.app-category.navigation"; INFOPLIST_KEY_NSMicrophoneUsageDescription = "Dspeech использует микрофон для распознавания речи на устройстве. Аудио не покидает iPhone."; INFOPLIST_KEY_NSSpeechRecognitionUsageDescription = "Dspeech распознаёт речь на устройстве для отображения транскрипта."; INFOPLIST_KEY_UILaunchScreen_Generation = YES; INFOPLIST_KEY_UIApplicationSupportsIndirectInputEvents = YES; MARKETING_VERSION = 0.1.0; PRODUCT_BUNDLE_IDENTIFIER = com.dspeech.app; PRODUCT_NAME = "$(TARGET_NAME)"; SUPPORTED_PLATFORMS = "iphoneos iphonesimulator"; SUPPORTS_MACCATALYST = NO; SWIFT_EMIT_LOC_STRINGS = YES; TARGETED_DEVICE_FAMILY = "1,2"; INFOPLIST_KEY_UISupportedInterfaceOrientations_iPhone = "UIInterfaceOrientationPortrait UIInterfaceOrientationLandscapeLeft UIInterfaceOrientationLandscapeRight"; INFOPLIST_KEY_UISupportedInterfaceOrientations_iPad = "UIInterfaceOrientationPortrait UIInterfaceOrientationPortraitUpsideDown UIInterfaceOrientationLandscapeLeft UIInterfaceOrientationLandscapeRight"; }; name = Debug; };
		A00000000000000000000038 /* Release */ = {isa = XCBuildConfiguration; buildSettings = { CODE_SIGN_STYLE = Automatic; CURRENT_PROJECT_VERSION = 1; ENABLE_PREVIEWS = YES; GENERATE_INFOPLIST_FILE = YES; INFOPLIST_KEY_CFBundleDisplayName = Dspeech; INFOPLIST_KEY_ITSAppUsesNonExemptEncryption = NO; INFOPLIST_KEY_LSApplicationCategoryType = "public.app-category.navigation"; INFOPLIST_KEY_NSMicrophoneUsageDescription = "Dspeech использует микрофон для распознавания речи на устройстве. Аудио не покидает iPhone."; INFOPLIST_KEY_NSSpeechRecognitionUsageDescription = "Dspeech распознаёт речь на устройстве для отображения транскрипта."; INFOPLIST_KEY_UILaunchScreen_Generation = YES; INFOPLIST_KEY_UIApplicationSupportsIndirectInputEvents = YES; MARKETING_VERSION = 0.1.0; PRODUCT_BUNDLE_IDENTIFIER = com.dspeech.app; PRODUCT_NAME = "$(TARGET_NAME)"; SUPPORTED_PLATFORMS = "iphoneos iphonesimulator"; SUPPORTS_MACCATALYST = NO; SWIFT_EMIT_LOC_STRINGS = YES; TARGETED_DEVICE_FAMILY = "1,2"; INFOPLIST_KEY_UISupportedInterfaceOrientations_iPhone = "UIInterfaceOrientationPortrait UIInterfaceOrientationLandscapeLeft UIInterfaceOrientationLandscapeRight"; INFOPLIST_KEY_UISupportedInterfaceOrientations_iPad = "UIInterfaceOrientationPortrait UIInterfaceOrientationPortraitUpsideDown UIInterfaceOrientationLandscapeLeft UIInterfaceOrientationLandscapeRight"; }; name = Release; };
		A00000000000000000000039 /* Debug */ = {isa = XCBuildConfiguration; buildSettings = { BUNDLE_LOADER = "$(TEST_HOST)"; CODE_SIGN_STYLE = Automatic; GENERATE_INFOPLIST_FILE = YES; IPHONEOS_DEPLOYMENT_TARGET = 26.0; PRODUCT_BUNDLE_IDENTIFIER = com.dspeech.app.tests; PRODUCT_NAME = "$(TARGET_NAME)"; SUPPORTED_PLATFORMS = "iphoneos iphonesimulator"; SWIFT_EMIT_LOC_STRINGS = NO; TARGETED_DEVICE_FAMILY = "1,2"; TEST_HOST = "$(BUILT_PRODUCTS_DIR)/Dspeech.app/$(BUNDLE_EXECUTABLE_FOLDER_PATH)/Dspeech"; }; name = Debug; };
		A00000000000000000000040 /* Release */ = {isa = XCBuildConfiguration; buildSettings = { BUNDLE_LOADER = "$(TEST_HOST)"; CODE_SIGN_STYLE = Automatic; GENERATE_INFOPLIST_FILE = YES; IPHONEOS_DEPLOYMENT_TARGET = 26.0; PRODUCT_BUNDLE_IDENTIFIER = com.dspeech.app.tests; PRODUCT_NAME = "$(TARGET_NAME)"; SUPPORTED_PLATFORMS = "iphoneos iphonesimulator"; SWIFT_EMIT_LOC_STRINGS = NO; TARGETED_DEVICE_FAMILY = "1,2"; TEST_HOST = "$(BUILT_PRODUCTS_DIR)/Dspeech.app/$(BUNDLE_EXECUTABLE_FOLDER_PATH)/Dspeech"; }; name = Release; };
		A00000000000000000000041 /* Debug */ = {isa = XCBuildConfiguration; buildSettings = { CODE_SIGN_STYLE = Automatic; GENERATE_INFOPLIST_FILE = YES; IPHONEOS_DEPLOYMENT_TARGET = 26.0; PRODUCT_BUNDLE_IDENTIFIER = com.dspeech.app.uitests; PRODUCT_NAME = "$(TARGET_NAME)"; SUPPORTED_PLATFORMS = "iphoneos iphonesimulator"; SWIFT_EMIT_LOC_STRINGS = NO; TARGETED_DEVICE_FAMILY = "1,2"; TEST_TARGET_NAME = Dspeech; }; name = Debug; };
		A00000000000000000000042 /* Release */ = {isa = XCBuildConfiguration; buildSettings = { CODE_SIGN_STYLE = Automatic; GENERATE_INFOPLIST_FILE = YES; IPHONEOS_DEPLOYMENT_TARGET = 26.0; PRODUCT_BUNDLE_IDENTIFIER = com.dspeech.app.uitests; PRODUCT_NAME = "$(TARGET_NAME)"; SUPPORTED_PLATFORMS = "iphoneos iphonesimulator"; SUPPORTS_MACCATALYST = NO; SWIFT_EMIT_LOC_STRINGS = NO; TARGETED_DEVICE_FAMILY = "1,2"; TEST_TARGET_NAME = Dspeech; }; name = Release; };
/* End XCBuildConfiguration section */

/* Begin XCConfigurationList section */
		A00000000000000000000031 /* Build configuration list for PBXProject "Dspeech" */ = {isa = XCConfigurationList; buildConfigurations = ( A00000000000000000000035 /* Debug */, A00000000000000000000036 /* Release */, ); defaultConfigurationIsVisible = 0; defaultConfigurationName = Release; };
		A00000000000000000000032 /* Build configuration list for PBXNativeTarget "Dspeech" */ = {isa = XCConfigurationList; buildConfigurations = ( A00000000000000000000037 /* Debug */, A00000000000000000000038 /* Release */, ); defaultConfigurationIsVisible = 0; defaultConfigurationName = Release; };
		A00000000000000000000033 /* Build configuration list for PBXNativeTarget "DspeechTests" */ = {isa = XCConfigurationList; buildConfigurations = ( A00000000000000000000039 /* Debug */, A00000000000000000000040 /* Release */, ); defaultConfigurationIsVisible = 0; defaultConfigurationName = Release; };
		A00000000000000000000034 /* Build configuration list for PBXNativeTarget "DspeechUITests" */ = {isa = XCConfigurationList; buildConfigurations = ( A00000000000000000000041 /* Debug */, A00000000000000000000042 /* Release */, ); defaultConfigurationIsVisible = 0; defaultConfigurationName = Release; };
/* End XCConfigurationList section */

/* Begin XCRemoteSwiftPackageReference section */
		A00000000000000000000200 /* XCRemoteSwiftPackageReference "FluidAudio" */ = {isa = XCRemoteSwiftPackageReference; repositoryURL = "https://github.com/FluidInference/FluidAudio.git"; requirement = {kind = upToNextMajorVersion; minimumVersion = 0.14.7; }; };
/* End XCRemoteSwiftPackageReference section */

/* Begin XCSwiftPackageProductDependency section */
		A00000000000000000000201 /* FluidAudio */ = {isa = XCSwiftPackageProductDependency; package = A00000000000000000000200 /* XCRemoteSwiftPackageReference "FluidAudio" */; productName = FluidAudio; };
/* End XCSwiftPackageProductDependency section */
	};
	rootObject = A00000000000000000000001 /* Project object */;
}
